#MicroXplorer Configuration settings - do not modify
ADC1.Channel-0\#ChannelRegularConversion=ADC_CHANNEL_2
ADC1.Channel-1\#ChannelRegularConversion=ADC_CHANNEL_TEMPSENSOR
ADC1.ContinuousConvMode=ENABLE
ADC1.DMAContinuousRequests=ENABLE
ADC1.ExternalTrigConv=ADC_SOFTWARE_START
ADC1.ExternalTrigConvEdge=ADC_EXTERNALTRIGCONVEDGE_NONE
ADC1.IPParameters=Rank-0\#ChannelRegularConversion,Channel-0\#ChannelRegularConversion,SamplingTime-0\#ChannelRegularConversion,NbrOfConversionFlag,ContinuousConvMode,SamplingTimeCommon1,NbrOfConversion,SamplingTimeCommon2,ExternalTrigConv,ExternalTrigConvEdge,TriggerFrequencyMode,master,SelectedChannel,Rank-1\#ChannelRegularConversion,Channel-1\#ChannelRegularConversion,SamplingTime-1\#ChannelRegularConversion,DMAContinuousRequests
ADC1.NbrOfConversion=2
ADC1.NbrOfConversionFlag=1
ADC1.Rank-0\#ChannelRegularConversion=1
ADC1.Rank-1\#ChannelRegularConversion=2
ADC1.SamplingTime-0\#ChannelRegularConversion=ADC_SAMPLINGTIME_COMMON_1
ADC1.SamplingTime-1\#ChannelRegularConversion=ADC_SAMPLINGTIME_COMMON_1
ADC1.SamplingTimeCommon1=ADC_SAMPLETIME_39CYCLES_5
ADC1.SamplingTimeCommon2=ADC_SAMPLETIME_79CYCLES_5
ADC1.SelectedChannel=ADC_CHANNEL_2|ADC_CHANNEL_TEMPSENSOR
ADC1.TriggerFrequencyMode=ADC_TRIGGER_FREQ_LOW
ADC1.master=1
CAD.formats=
CAD.pinconfig=
CAD.provider=
Dma.ADC1.1.Direction=DMA_PERIPH_TO_MEMORY
Dma.ADC1.1.EventEnable=DISABLE
Dma.ADC1.1.Instance=DMA1_Channel5
Dma.ADC1.1.MemDataAlignment=DMA_MDATAALIGN_HALFWORD
Dma.ADC1.1.MemInc=DMA_MINC_ENABLE
Dma.ADC1.1.Mode=DMA_CIRCULAR
Dma.ADC1.1.PeriphDataAlignment=DMA_PDATAALIGN_HALFWORD
Dma.ADC1.1.PeriphInc=DMA_PINC_DISABLE
Dma.ADC1.1.Polarity=HAL_DMAMUX_REQ_GEN_RISING
Dma.ADC1.1.Priority=DMA_PRIORITY_LOW
Dma.ADC1.1.RequestNumber=1
Dma.ADC1.1.RequestParameters=Instance,Direction,PeriphInc,MemInc,PeriphDataAlignment,MemDataAlignment,Mode,Priority,SignalID,Polarity,RequestNumber,SyncSignalID,SyncPolarity,SyncEnable,EventEnable,SyncRequestNumber
Dma.ADC1.1.SignalID=NONE
Dma.ADC1.1.SyncEnable=DISABLE
Dma.ADC1.1.SyncPolarity=HAL_DMAMUX_SYNC_NO_EVENT
Dma.ADC1.1.SyncRequestNumber=1
Dma.ADC1.1.SyncSignalID=NONE
Dma.MEMTOMEM.2.Direction=DMA_MEMORY_TO_MEMORY
Dma.MEMTOMEM.2.EventEnable=DISABLE
Dma.MEMTOMEM.2.Instance=DMA1_Channel6
Dma.MEMTOMEM.2.MemDataAlignment=DMA_MDATAALIGN_HALFWORD
Dma.MEMTOMEM.2.MemInc=DMA_MINC_ENABLE
Dma.MEMTOMEM.2.Mode=DMA_NORMAL
Dma.MEMTOMEM.2.PeriphDataAlignment=DMA_PDATAALIGN_HALFWORD
Dma.MEMTOMEM.2.PeriphInc=DMA_PINC_ENABLE
Dma.MEMTOMEM.2.Polarity=HAL_DMAMUX_REQ_GEN_RISING
Dma.MEMTOMEM.2.Priority=DMA_PRIORITY_VERY_HIGH
Dma.MEMTOMEM.2.RequestNumber=1
Dma.MEMTOMEM.2.RequestParameters=Instance,Direction,PeriphInc,MemInc,PeriphDataAlignment,MemDataAlignment,Mode,Priority,SignalID,Polarity,RequestNumber,SyncSignalID,SyncPolarity,SyncEnable,EventEnable,SyncRequestNumber
Dma.MEMTOMEM.2.SignalID=NONE
Dma.MEMTOMEM.2.SyncEnable=DISABLE
Dma.MEMTOMEM.2.SyncPolarity=HAL_DMAMUX_SYNC_NO_EVENT
Dma.MEMTOMEM.2.SyncRequestNumber=1
Dma.MEMTOMEM.2.SyncSignalID=NONE
Dma.Request0=TIM1_CH3
Dma.Request1=ADC1
Dma.Request2=MEMTOMEM
Dma.RequestsNb=3
Dma.TIM1_CH3.0.Direction=DMA_PERIPH_TO_MEMORY
Dma.TIM1_CH3.0.EventEnable=DISABLE
Dma.TIM1_CH3.0.Instance=DMA1_Channel1
Dma.TIM1_CH3.0.MemDataAlignment=DMA_MDATAALIGN_HALFWORD
Dma.TIM1_CH3.0.MemInc=DMA_MINC_ENABLE
Dma.TIM1_CH3.0.Mode=DMA_CIRCULAR
Dma.TIM1_CH3.0.PeriphDataAlignment=DMA_PDATAALIGN_HALFWORD
Dma.TIM1_CH3.0.PeriphInc=DMA_PINC_DISABLE
Dma.TIM1_CH3.0.Polarity=HAL_DMAMUX_REQ_GEN_RISING
Dma.TIM1_CH3.0.Priority=DMA_PRIORITY_VERY_HIGH
Dma.TIM1_CH3.0.RequestNumber=1
Dma.TIM1_CH3.0.RequestParameters=Instance,Direction,PeriphInc,MemInc,PeriphDataAlignment,MemDataAlignment,Mode,Priority,SignalID,Polarity,RequestNumber,SyncSignalID,SyncPolarity,SyncEnable,EventEnable,SyncRequestNumber
Dma.TIM1_CH3.0.SignalID=NONE
Dma.TIM1_CH3.0.SyncEnable=DISABLE
Dma.TIM1_CH3.0.SyncPolarity=HAL_DMAMUX_SYNC_NO_EVENT
Dma.TIM1_CH3.0.SyncRequestNumber=1
Dma.TIM1_CH3.0.SyncSignalID=NONE
File.Version=6
GPIO.groupedBy=Group By Peripherals
KeepUserPlacement=false
Mcu.CPN=STM32G070KBT6
Mcu.Family=STM32G0
Mcu.IP0=ADC1
Mcu.IP1=DMA
Mcu.IP10=TIM15
Mcu.IP11=TIM16
Mcu.IP12=TIM17
Mcu.IP2=NVIC
Mcu.IP3=RCC
Mcu.IP4=SYS
Mcu.IP5=TIM1
Mcu.IP6=TIM3
Mcu.IP7=TIM6
Mcu.IP8=TIM7
Mcu.IP9=TIM14
Mcu.IPNb=13
Mcu.Name=STM32G070KBTx
Mcu.Package=LQFP32
Mcu.Pin0=PB9
Mcu.Pin1=PC14-OSC32_IN (PC14)
Mcu.Pin10=PC6
Mcu.Pin11=PA13
Mcu.Pin12=PA14-BOOT0
Mcu.Pin13=PB3
Mcu.Pin14=PB4
Mcu.Pin15=PB6
Mcu.Pin16=VP_ADC1_TempSens_Input
Mcu.Pin17=VP_SYS_VS_Systick
Mcu.Pin18=VP_SYS_VS_DBSignals
Mcu.Pin19=VP_TIM1_VS_no_output1
Mcu.Pin2=PC15-OSC32_OUT (PC15)
Mcu.Pin20=VP_TIM1_VS_indirect_ch3
Mcu.Pin21=VP_TIM6_VS_ClockSourceINT
Mcu.Pin22=VP_TIM7_VS_ClockSourceINT
Mcu.Pin23=VP_TIM14_VS_ClockSourceINT
Mcu.Pin24=VP_TIM15_VS_no_output1
Mcu.Pin25=VP_TIM16_VS_ClockSourceINT
Mcu.Pin26=VP_TIM17_VS_ClockSourceINT
Mcu.Pin27=VP_TIM17_VS_no_output1
Mcu.Pin3=PA2
Mcu.Pin4=PA6
Mcu.Pin5=PA7
Mcu.Pin6=PB0
Mcu.Pin7=PB1
Mcu.Pin8=PB2
Mcu.Pin9=PA9
Mcu.PinsNb=28
Mcu.ThirdPartyNb=0
Mcu.UserConstants=
Mcu.UserName=STM32G070KBTx
MxCube.Version=6.9.0
MxDb.Version=DB.6.0.90
NVIC.ADC1_IRQn=true\:0\:0\:false\:false\:true\:true\:true\:true
NVIC.DMA1_Channel1_IRQn=true\:0\:0\:true\:false\:true\:true\:true\:true
NVIC.EXTI4_15_IRQn=true\:3\:0\:true\:false\:true\:true\:true\:true
NVIC.ForceEnableDMAVector=false
NVIC.HardFault_IRQn=true\:0\:0\:false\:false\:true\:false\:false\:false
NVIC.NonMaskableInt_IRQn=true\:0\:0\:false\:false\:true\:false\:false\:false
NVIC.PendSV_IRQn=true\:0\:0\:false\:false\:true\:false\:false\:false
NVIC.SVC_IRQn=true\:0\:0\:false\:false\:true\:false\:false\:true
NVIC.SysTick_IRQn=true\:3\:0\:false\:false\:true\:false\:true\:false
NVIC.TIM15_IRQn=true\:0\:0\:false\:false\:true\:true\:true\:true
NVIC.TIM17_IRQn=true\:0\:0\:true\:false\:true\:true\:true\:true
NVIC.TIM1_CC_IRQn=true\:0\:0\:false\:false\:true\:true\:true\:true
PA13.Mode=Serial_Wire
PA13.Signal=SYS_SWDIO
PA14-BOOT0.Mode=Serial_Wire
PA14-BOOT0.Signal=SYS_SWCLK
PA2.GPIOParameters=GPIO_Label
PA2.GPIO_Label=BAT_VOLTS
PA2.Locked=true
PA2.Mode=IN2
PA2.Signal=ADC1_IN2
PA6.GPIOParameters=GPIO_Speed,GPIO_PuPd,GPIO_Label
PA6.GPIO_Label=OD_C
PA6.GPIO_PuPd=GPIO_PULLDOWN
PA6.GPIO_Speed=GPIO_SPEED_FREQ_MEDIUM
PA6.Locked=true
PA6.Signal=GPIO_Output
PA7.GPIOParameters=GPIO_PuPd,GPIO_Label
PA7.GPIO_Label=PWM_C
PA7.GPIO_PuPd=GPIO_PULLDOWN
PA7.Locked=true
PA7.Signal=S_TIM3_CH2
PA9.GPIOParameters=GPIO_PuPd,GPIO_Label
PA9.GPIO_Label=REV
PA9.GPIO_PuPd=GPIO_PULLUP
PA9.Locked=true
PA9.Signal=GPIO_Input
PB0.GPIOParameters=GPIO_Speed,GPIO_PuPd,GPIO_Label
PB0.GPIO_Label=OD_B
PB0.GPIO_PuPd=GPIO_PULLDOWN
PB0.GPIO_Speed=GPIO_SPEED_FREQ_MEDIUM
PB0.Locked=true
PB0.Signal=GPIO_Output
PB1.GPIOParameters=GPIO_PuPd,GPIO_Label
PB1.GPIO_Label=PWM_B
PB1.GPIO_PuPd=GPIO_PULLDOWN
PB1.Locked=true
PB1.Signal=S_TIM3_CH4
PB2.GPIOParameters=GPIO_Speed,GPIO_PuPd,GPIO_Label
PB2.GPIO_Label=OD_A
PB2.GPIO_PuPd=GPIO_PULLDOWN
PB2.GPIO_Speed=GPIO_SPEED_FREQ_MEDIUM
PB2.Locked=true
PB2.Signal=GPIO_Output
PB3.GPIOParameters=GPIO_Speed,GPIO_Label
PB3.GPIO_Label=signal
PB3.GPIO_Speed=GPIO_SPEED_FREQ_VERY_HIGH
PB3.Locked=true
PB3.Signal=GPIO_Output
PB4.GPIOParameters=GPIO_Speed,GPIO_Label
PB4.GPIO_Label=LED
PB4.GPIO_Speed=GPIO_SPEED_FREQ_MEDIUM
PB4.Locked=true
PB4.Signal=GPIO_Output
PB6.GPIOParameters=GPIO_FM6,GPIO_Speed,GPIO_PuPd,GPIO_Label
PB6.GPIO_FM6=SYSCFG_FASTMODEPLUS_PB6
PB6.GPIO_Label=Proshot
PB6.GPIO_PuPd=GPIO_NOPULL
PB6.GPIO_Speed=GPIO_SPEED_FREQ_VERY_HIGH
PB6.Locked=true
PB6.Signal=S_TIM1_CH3
PB9.GPIOParameters=GPIO_PuPd,GPIO_Label,GPIO_ModeDefaultEXTI
PB9.GPIO_Label=ZC_A
PB9.GPIO_ModeDefaultEXTI=GPIO_MODE_IT_FALLING
PB9.GPIO_PuPd=GPIO_PULLUP
PB9.Locked=true
PB9.Signal=GPXTI9
PC14-OSC32_IN\ (PC14).GPIOParameters=GPIO_PuPd,GPIO_Label,GPIO_ModeDefaultEXTI
PC14-OSC32_IN\ (PC14).GPIO_Label=ZC_C
PC14-OSC32_IN\ (PC14).GPIO_ModeDefaultEXTI=GPIO_MODE_IT_FALLING
PC14-OSC32_IN\ (PC14).GPIO_PuPd=GPIO_PULLUP
PC14-OSC32_IN\ (PC14).Locked=true
PC14-OSC32_IN\ (PC14).Signal=GPXTI14
PC15-OSC32_OUT\ (PC15).GPIOParameters=GPIO_PuPd,GPIO_Label,GPIO_ModeDefaultEXTI
PC15-OSC32_OUT\ (PC15).GPIO_Label=ZC_B
PC15-OSC32_OUT\ (PC15).GPIO_ModeDefaultEXTI=GPIO_MODE_IT_FALLING
PC15-OSC32_OUT\ (PC15).GPIO_PuPd=GPIO_PULLUP
PC15-OSC32_OUT\ (PC15).Locked=true
PC15-OSC32_OUT\ (PC15).Signal=GPXTI15
PC6.GPIOParameters=GPIO_PuPd,GPIO_Label
PC6.GPIO_Label=PWM_A
PC6.GPIO_PuPd=GPIO_PULLDOWN
PC6.Locked=true
PC6.Signal=S_TIM3_CH1
PinOutPanel.RotationAngle=0
ProjectManager.AskForMigrate=true
ProjectManager.BackupPrevious=false
ProjectManager.CompilerOptimize=6
ProjectManager.ComputerToolchain=false
ProjectManager.CoupleFile=false
ProjectManager.CustomerFirmwarePackage=
ProjectManager.DefaultFWLocation=true
ProjectManager.DeletePrevious=true
ProjectManager.DeviceId=STM32G070KBTx
ProjectManager.FirmwarePackage=STM32Cube FW_G0 V1.6.1
ProjectManager.FreePins=false
ProjectManager.HalAssertFull=false
ProjectManager.HeapSize=0x200
ProjectManager.KeepUserCode=true
ProjectManager.LastFirmware=true
ProjectManager.LibraryCopy=1
ProjectManager.MainLocation=Core/Src
ProjectManager.NoMain=false
ProjectManager.PreviousToolchain=
ProjectManager.ProjectBuild=false
ProjectManager.ProjectFileName=ESC_V2_DShot_pwm.ioc
ProjectManager.ProjectName=ESC_V2_DShot_pwm
ProjectManager.ProjectStructure=
ProjectManager.RegisterCallBack=
ProjectManager.StackSize=0x400
ProjectManager.TargetToolchain=STM32CubeIDE
ProjectManager.ToolChainLocation=
ProjectManager.UAScriptAfterPath=
ProjectManager.UAScriptBeforePath=
ProjectManager.UnderRoot=true
ProjectManager.functionlistsort=1-SystemClock_Config-RCC-false-HAL-false,2-MX_GPIO_Init-GPIO-false-HAL-true,3-MX_DMA_Init-DMA-false-HAL-true,4-MX_TIM1_Init-TIM1-false-HAL-true,5-MX_TIM3_Init-TIM3-false-HAL-true,6-MX_ADC1_Init-ADC1-false-HAL-true,7-MX_TIM7_Init-TIM7-false-HAL-true,8-MX_TIM17_Init-TIM17-false-HAL-true,9-MX_TIM6_Init-TIM6-false-HAL-true,10-MX_TIM14_Init-TIM14-false-HAL-true,11-MX_TIM16_Init-TIM16-false-HAL-true,12-MX_TIM15_Init-TIM15-false-HAL-true
RCC.ADCFreq_Value=64000000
RCC.AHBFreq_Value=64000000
RCC.APBFreq_Value=64000000
RCC.APBTimFreq_Value=64000000
RCC.CortexFreq_Value=64000000
RCC.EXTERNAL_CLOCK_VALUE=48000
RCC.FCLKCortexFreq_Value=64000000
RCC.FamilyName=M
RCC.HCLKFreq_Value=64000000
RCC.HSE_VALUE=8000000
RCC.HSI_VALUE=16000000
RCC.I2C1Freq_Value=64000000
RCC.I2S1Freq_Value=64000000
RCC.IPParameters=ADCFreq_Value,AHBFreq_Value,APBFreq_Value,APBTimFreq_Value,CortexFreq_Value,EXTERNAL_CLOCK_VALUE,FCLKCortexFreq_Value,FamilyName,HCLKFreq_Value,HSE_VALUE,HSI_VALUE,I2C1Freq_Value,I2S1Freq_Value,LSCOPinFreq_Value,LSE_VALUE,LSI_VALUE,MCO1PinFreq_Value,PLLPoutputFreq_Value,PLLRCLKFreq_Value,PWRFreq_Value,SYSCLKFreq_VALUE,SYSCLKSource,USART1Freq_Value,USART2Freq_Value,VCOInputFreq_Value,VCOOutputFreq_Value
RCC.LSCOPinFreq_Value=32000
RCC.LSE_VALUE=32768
RCC.LSI_VALUE=32000
RCC.MCO1PinFreq_Value=64000000
RCC.PLLPoutputFreq_Value=64000000
RCC.PLLRCLKFreq_Value=64000000
RCC.PWRFreq_Value=64000000
RCC.SYSCLKFreq_VALUE=64000000
RCC.SYSCLKSource=RCC_SYSCLKSOURCE_PLLCLK
RCC.USART1Freq_Value=64000000
RCC.USART2Freq_Value=64000000
RCC.VCOInputFreq_Value=16000000
RCC.VCOOutputFreq_Value=128000000
SH.GPXTI14.0=GPIO_EXTI14
SH.GPXTI14.ConfNb=1
SH.GPXTI15.0=GPIO_EXTI15
SH.GPXTI15.ConfNb=1
SH.GPXTI9.0=GPIO_EXTI9
SH.GPXTI9.ConfNb=1
SH.S_TIM1_CH3.0=TIM1_CH3,Input_Capture3_from_TI3
SH.S_TIM1_CH3.ConfNb=1
SH.S_TIM3_CH1.0=TIM3_CH1,PWM Generation1 CH1
SH.S_TIM3_CH1.ConfNb=1
SH.S_TIM3_CH2.0=TIM3_CH2,PWM Generation2 CH2
SH.S_TIM3_CH2.ConfNb=1
SH.S_TIM3_CH4.0=TIM3_CH4,PWM Generation4 CH4
SH.S_TIM3_CH4.ConfNb=1
TIM1.AutoReloadPreload=TIM_AUTORELOAD_PRELOAD_DISABLE
TIM1.Channel-Input_Capture3_from_TI3=TIM_CHANNEL_3
TIM1.Channel-Input_Capture4_from_TI3_63=TIM_CHANNEL_4
TIM1.Channel-Output\ Compare1\ No\ Output=TIM_CHANNEL_1
TIM1.ICFilter_CH3=0
TIM1.ICPolarity_CH3=TIM_INPUTCHANNELPOLARITY_BOTHEDGE
TIM1.ICPolarity_CH4=TIM_INPUTCHANNELPOLARITY_RISING
TIM1.ICPrescaler-Input_Capture3_from_TI3=TIM_ICPSC_DIV1
TIM1.IPParameters=Channel-Input_Capture3_from_TI3,ICPolarity_CH3,Prescaler,AutoReloadPreload,ICFilter_CH3,ICPrescaler-Input_Capture3_from_TI3,Channel-Input_Capture4_from_TI3_63,Channel-Output Compare1 No Output,ICPolarity_CH4
TIM1.Prescaler=1
TIM14.IPParameters=Prescaler
TIM14.Prescaler=64-1
TIM15.Channel-Output\ Compare1\ No\ Output=TIM_CHANNEL_1
TIM15.IPParameters=Channel-Output Compare1 No Output,Prescaler,Pulse-Output Compare1 No Output,Period
TIM15.Period=500
TIM15.Prescaler=64000
TIM15.Pulse-Output\ Compare1\ No\ Output=500
TIM16.IPParameters=Prescaler
TIM16.Prescaler=64000
TIM17.AutoReloadPreload=TIM_AUTORELOAD_PRELOAD_DISABLE
TIM17.Channel=TIM_CHANNEL_1
TIM17.IPParameters=Channel,Prescaler,Period,AutoReloadPreload
TIM17.Period=200
TIM17.Prescaler=64000
TIM3.AutoReloadPreload=TIM_AUTORELOAD_PRELOAD_DISABLE
TIM3.Channel-PWM\ Generation1\ CH1=TIM_CHANNEL_1
TIM3.Channel-PWM\ Generation2\ CH2=TIM_CHANNEL_2
TIM3.Channel-PWM\ Generation4\ CH4=TIM_CHANNEL_4
TIM3.CounterMode=TIM_COUNTERMODE_UP
TIM3.IPParameters=Channel-PWM Generation4 CH4,Channel-PWM Generation2 CH2,Period,CounterMode,TIM_MasterOutputTrigger,AutoReloadPreload,Prescaler,OC1Preload_PWM,OC2Preload_PWM,OC4Preload_PWM,Channel-PWM Generation1 CH1
TIM3.OC1Preload_PWM=DISABLE
TIM3.OC2Preload_PWM=DISABLE
TIM3.OC4Preload_PWM=DISABLE
TIM3.Period=1024-1
TIM3.Prescaler=0
TIM3.TIM_MasterOutputTrigger=TIM_TRGO_UPDATE
TIM6.IPParameters=Prescaler
TIM6.Prescaler=64-1
TIM7.IPParameters=Prescaler
TIM7.Prescaler=0
VP_ADC1_TempSens_Input.Mode=IN-TempSens
VP_ADC1_TempSens_Input.Signal=ADC1_TempSens_Input
VP_SYS_VS_DBSignals.Mode=DisableDeadBatterySignals
VP_SYS_VS_DBSignals.Signal=SYS_VS_DBSignals
VP_SYS_VS_Systick.Mode=SysTick
VP_SYS_VS_Systick.Signal=SYS_VS_Systick
VP_TIM14_VS_ClockSourceINT.Mode=Enable_Timer
VP_TIM14_VS_ClockSourceINT.Signal=TIM14_VS_ClockSourceINT
VP_TIM15_VS_no_output1.Mode=Output Compare1 No Output
VP_TIM15_VS_no_output1.Signal=TIM15_VS_no_output1
VP_TIM16_VS_ClockSourceINT.Mode=Enable_Timer
VP_TIM16_VS_ClockSourceINT.Signal=TIM16_VS_ClockSourceINT
VP_TIM17_VS_ClockSourceINT.Mode=Enable_Timer
VP_TIM17_VS_ClockSourceINT.Signal=TIM17_VS_ClockSourceINT
VP_TIM17_VS_no_output1.Mode=Output Compare1 No Output
VP_TIM17_VS_no_output1.Signal=TIM17_VS_no_output1
VP_TIM1_VS_indirect_ch3.Mode=Input_Capture4_from_TI3_63
VP_TIM1_VS_indirect_ch3.Signal=TIM1_VS_indirect_ch3
VP_TIM1_VS_no_output1.Mode=Output Compare1 No Output
VP_TIM1_VS_no_output1.Signal=TIM1_VS_no_output1
VP_TIM6_VS_ClockSourceINT.Mode=Enable_Timer
VP_TIM6_VS_ClockSourceINT.Signal=TIM6_VS_ClockSourceINT
VP_TIM7_VS_ClockSourceINT.Mode=Enable_Timer
VP_TIM7_VS_ClockSourceINT.Signal=TIM7_VS_ClockSourceINT
board=custom
isbadioc=false
